
Microsoft Visual Studio Solution File, Format Version 12.00
# Visual Studio Version 17
VisualStudioVersion = 17.5.33516.290
MinimumVisualStudioVersion = 10.0.40219.1
Project("{FAE04EC0-301F-11D3-BF4B-00C04F79EFBC}") = "1.PadroesCriacionais", "1.PadroesCriacionais\1.PadroesCriacionais.csproj", "{A8074AEC-B61C-469D-A4DA-FF2E51F763BF}"
EndProject
Global
	GlobalSection(SolutionConfigurationPlatforms) = preSolution
		Debug|Any CPU = Debug|Any CPU
		Release|Any CPU = Release|Any CPU
	EndGlobalSection
	GlobalSection(ProjectConfigurationPlatforms) = postSolution
		{A8074AEC-B61C-469D-A4DA-FF2E51F763BF}.Debug|Any CPU.ActiveCfg = Debug|Any CPU
		{A8074AEC-B61C-469D-A4DA-FF2E51F763BF}.Debug|Any CPU.Build.0 = Debug|Any CPU
		{A8074AEC-B61C-469D-A4DA-FF2E51F763BF}.Release|Any CPU.ActiveCfg = Release|Any CPU
		{A8074AEC-B61C-469D-A4DA-FF2E51F763BF}.Release|Any CPU.Build.0 = Release|Any CPU
	EndGlobalSection
	GlobalSection(SolutionProperties) = preSolution
		HideSolutionNode = FALSE
	EndGlobalSection
	GlobalSection(ExtensibilityGlobals) = postSolution
		SolutionGuid = {9440BCEB-87D7-4A01-9657-ADE864D41889}
	EndGlobalSection
EndGlobal
